{
  "dependencies": {
    "steam": {
      "version": "0.6.7",
      "dependencies": {
        "adm-zip": {
          "version": "0.4.7"
        },
        "buffer-crc32": {
          "version": "0.2.5"
        },
        "protobuf": {
          "version": "0.11.0",
          "dependencies": {
            "nan": {
              "version": "1.0.0"
            }
          }
        },
        "ref": {
          "version": "1.0.2",
          "dependencies": {
            "bindings": {
              "version": "1.2.1"
            },
            "debug": {
              "version": "2.2.0",
              "dependencies": {
                "ms": {
                  "version": "0.7.1"
                }
              }
            },
            "nan": {
              "version": "1.8.4"
            }
          }
        },
        "ursa": {
          "version": "0.8.5",
          "dependencies": {
            "bindings": {
              "version": "1.2.1"
            },
            "nan": {
              "version": "1.8.4"
            }
          }
        }
      }
    },
    "steam-totp": {
      "version": "1.1.0"
    },
    "steam-tradeoffers": {
      "version": "1.2.3",
      "dependencies": {
        "cheerio": {
          "version": "0.19.0",
          "dependencies": {
            "css-select": {
              "version": "1.0.0",
              "dependencies": {
                "css-what": {
                  "version": "1.0.0"
                },
                "domutils": {
                  "version": "1.4.3",
                  "dependencies": {
                    "domelementtype": {
                      "version": "1.3.0"
                    }
                  }
                },
                "boolbase": {
                  "version": "1.0.0"
                },
                "nth-check": {
                  "version": "1.0.1"
                }
              }
            },
            "entities": {
              "version": "1.1.1"
            },
            "htmlparser2": {
              "version": "3.8.3",
              "dependencies": {
                "domhandler": {
                  "version": "2.3.0"
                },
                "domutils": {
                  "version": "1.5.1"
                },
                "domelementtype": {
                  "version": "1.3.0"
                },
                "readable-stream": {
                  "version": "1.1.13",
                  "dependencies": {
                    "core-util-is": {
                      "version": "1.0.1"
                    },
                    "isarray": {
                      "version": "0.0.1"
                    },
                    "string_decoder": {
                      "version": "0.10.31"
                    },
                    "inherits": {
                      "version": "2.0.1"
                    }
                  }
                },
                "entities": {
                  "version": "1.0.0"
                }
              }
            },
            "dom-serializer": {
              "version": "0.1.0",
              "dependencies": {
                "domelementtype": {
                  "version": "1.1.3"
                }
              }
            },
            "lodash": {
              "version": "3.9.3"
            }
          }
        },
        "long": {
          "version": "2.2.5"
        },
        "request": {
          "version": "2.58.0",
          "dependencies": {
            "bl": {
              "version": "0.9.4",
              "dependencies": {
                "readable-stream": {
                  "version": "1.0.33",
                  "dependencies": {
                    "core-util-is": {
                      "version": "1.0.1"
                    },
                    "isarray": {
                      "version": "0.0.1"
                    },
                    "string_decoder": {
                      "version": "0.10.31"
                    },
                    "inherits": {
                      "version": "2.0.1"
                    }
                  }
                }
              }
            },
            "caseless": {
              "version": "0.10.0"
            },
            "extend": {
              "version": "2.0.1"
            },
            "forever-agent": {
              "version": "0.6.1"
            },
            "form-data": {
              "version": "1.0.0-rc1",
              "dependencies": {
                "async": {
                  "version": "1.2.1"
                },
                "mime-types": {
                  "version": "2.1.1",
                  "dependencies": {
                    "mime-db": {
                      "version": "1.13.0"
                    }
                  }
                }
              }
            },
            "json-stringify-safe": {
              "version": "5.0.1"
            },
            "mime-types": {
              "version": "2.0.14",
              "dependencies": {
                "mime-db": {
                  "version": "1.12.0"
                }
              }
            },
            "node-uuid": {
              "version": "1.4.3"
            },
            "qs": {
              "version": "3.1.0"
            },
            "tunnel-agent": {
              "version": "0.4.0"
            },
            "tough-cookie": {
              "version": "2.0.0"
            },
            "http-signature": {
              "version": "0.11.0",
              "dependencies": {
                "assert-plus": {
                  "version": "0.1.5"
                },
                "asn1": {
                  "version": "0.1.11"
                },
                "ctype": {
                  "version": "0.5.3"
                }
              }
            },
            "oauth-sign": {
              "version": "0.8.0"
            },
            "hawk": {
              "version": "2.3.1",
              "dependencies": {
                "hoek": {
                  "version": "2.14.0"
                },
                "boom": {
                  "version": "2.8.0"
                },
                "cryptiles": {
                  "version": "2.0.4"
                },
                "sntp": {
                  "version": "1.0.9"
                }
              }
            },
            "aws-sign2": {
              "version": "0.5.0"
            },
            "stringstream": {
              "version": "0.0.4"
            },
            "combined-stream": {
              "version": "1.0.5",
              "dependencies": {
                "delayed-stream": {
                  "version": "1.0.0"
                }
              }
            },
            "isstream": {
              "version": "0.1.2"
            },
            "har-validator": {
              "version": "1.7.1",
              "dependencies": {
                "bluebird": {
                  "version": "2.9.30"
                },
                "chalk": {
                  "version": "1.0.0",
                  "dependencies": {
                    "ansi-styles": {
                      "version": "2.0.1"
                    },
                    "escape-string-regexp": {
                      "version": "1.0.3"
                    },
                    "has-ansi": {
                      "version": "1.0.3",
                      "dependencies": {
                        "ansi-regex": {
                          "version": "1.1.1"
                        },
                        "get-stdin": {
                          "version": "4.0.1"
                        }
                      }
                    },
                    "strip-ansi": {
                      "version": "2.0.1",
                      "dependencies": {
                        "ansi-regex": {
                          "version": "1.1.1"
                        }
                      }
                    },
                    "supports-color": {
                      "version": "1.3.1"
                    }
                  }
                },
                "commander": {
                  "version": "2.8.1",
                  "dependencies": {
                    "graceful-readlink": {
                      "version": "1.0.1"
                    }
                  }
                },
                "is-my-json-valid": {
                  "version": "2.12.0",
                  "dependencies": {
                    "generate-function": {
                      "version": "2.0.0"
                    },
                    "generate-object-property": {
                      "version": "1.2.0",
                      "dependencies": {
                        "is-property": {
                          "version": "1.0.2"
                        }
                      }
                    },
                    "jsonpointer": {
                      "version": "1.1.0"
                    },
                    "xtend": {
                      "version": "4.0.0"
                    }
                  }
                }
              }
            }
          }
        }
      }
    },
    "steamcommunity": {
      "version": "3.14.1",
      "dependencies": {
        "request": {
          "version": "2.67.0",
          "dependencies": {
            "bl": {
              "version": "1.0.0",
              "dependencies": {
                "readable-stream": {
                  "version": "2.0.4",
                  "dependencies": {
                    "core-util-is": {
                      "version": "1.0.2"
                    },
                    "inherits": {
                      "version": "2.0.1"
                    },
                    "isarray": {
                      "version": "0.0.1"
                    },
                    "process-nextick-args": {
                      "version": "1.0.6"
                    },
                    "string_decoder": {
                      "version": "0.10.31"
                    },
                    "util-deprecate": {
                      "version": "1.0.2"
                    }
                  }
                }
              }
            },
            "caseless": {
              "version": "0.11.0"
            },
            "extend": {
              "version": "3.0.0"
            },
            "forever-agent": {
              "version": "0.6.1"
            },
            "form-data": {
              "version": "1.0.0-rc3"
            },
            "json-stringify-safe": {
              "version": "5.0.1"
            },
            "mime-types": {
              "version": "2.1.8",
              "dependencies": {
                "mime-db": {
                  "version": "1.20.0"
                }
              }
            },
            "node-uuid": {
              "version": "1.4.7"
            },
            "qs": {
              "version": "5.2.0"
            },
            "tunnel-agent": {
              "version": "0.4.2"
            },
            "tough-cookie": {
              "version": "2.2.1"
            },
            "http-signature": {
              "version": "1.1.0",
              "dependencies": {
                "assert-plus": {
                  "version": "0.1.5"
                },
                "jsprim": {
                  "version": "1.2.2",
                  "dependencies": {
                    "extsprintf": {
                      "version": "1.0.2"
                    },
                    "json-schema": {
                      "version": "0.2.2"
                    },
                    "verror": {
                      "version": "1.3.6"
                    }
                  }
                },
                "sshpk": {
                  "version": "1.7.1",
                  "dependencies": {
                    "asn1": {
                      "version": "0.2.3"
                    },
                    "assert-plus": {
                      "version": "0.2.0"
                    },
                    "dashdash": {
                      "version": "1.10.1",
                      "dependencies": {
                        "assert-plus": {
                          "version": "0.1.5"
                        }
                      }
                    },
                    "jsbn": {
                      "version": "0.1.0"
                    },
                    "tweetnacl": {
                      "version": "0.13.2"
                    },
                    "jodid25519": {
                      "version": "1.0.2"
                    },
                    "ecc-jsbn": {
                      "version": "0.1.1"
                    }
                  }
                }
              }
            },
            "oauth-sign": {
              "version": "0.8.0"
            },
            "hawk": {
              "version": "3.1.2",
              "dependencies": {
                "hoek": {
                  "version": "2.16.3"
                },
                "boom": {
                  "version": "2.10.1"
                },
                "cryptiles": {
                  "version": "2.0.5"
                },
                "sntp": {
                  "version": "1.0.9"
                }
              }
            },
            "aws-sign2": {
              "version": "0.6.0"
            },
            "stringstream": {
              "version": "0.0.5"
            },
            "combined-stream": {
              "version": "1.0.5",
              "dependencies": {
                "delayed-stream": {
                  "version": "1.0.0"
                }
              }
            },
            "isstream": {
              "version": "0.1.2"
            },
            "is-typedarray": {
              "version": "1.0.0"
            },
            "har-validator": {
              "version": "2.0.3",
              "dependencies": {
                "chalk": {
                  "version": "1.1.1",
                  "dependencies": {
                    "ansi-styles": {
                      "version": "2.1.0"
                    },
                    "escape-string-regexp": {
                      "version": "1.0.3"
                    },
                    "has-ansi": {
                      "version": "2.0.0",
                      "dependencies": {
                        "ansi-regex": {
                          "version": "2.0.0"
                        }
                      }
                    },
                    "strip-ansi": {
                      "version": "3.0.0",
                      "dependencies": {
                        "ansi-regex": {
                          "version": "2.0.0"
                        }
                      }
                    },
                    "supports-color": {
                      "version": "2.0.0"
                    }
                  }
                },
                "commander": {
                  "version": "2.9.0",
                  "dependencies": {
                    "graceful-readlink": {
                      "version": "1.0.1"
                    }
                  }
                },
                "is-my-json-valid": {
                  "version": "2.12.3",
                  "dependencies": {
                    "generate-function": {
                      "version": "2.0.0"
                    },
                    "generate-object-property": {
                      "version": "1.2.0",
                      "dependencies": {
                        "is-property": {
                          "version": "1.0.2"
                        }
                      }
                    },
                    "jsonpointer": {
                      "version": "2.0.0"
                    },
                    "xtend": {
                      "version": "4.0.1"
                    }
                  }
                },
                "pinkie-promise": {
                  "version": "2.0.0",
                  "dependencies": {
                    "pinkie": {
                      "version": "2.0.1"
                    }
                  }
                }
              }
            }
          }
        },
        "node-bignumber": {
          "version": "1.2.1"
        },
        "steamid": {
          "version": "0.3.1",
          "dependencies": {
            "cuint": {
              "version": "0.1.5"
            }
          }
        },
        "xml2js": {
          "version": "0.4.15",
          "dependencies": {
            "sax": {
              "version": "1.1.4"
            },
            "xmlbuilder": {
              "version": "4.1.0",
              "dependencies": {
                "lodash": {
                  "version": "3.10.1"
                }
              }
            }
          }
        },
        "cheerio": {
          "version": "0.19.0",
          "dependencies": {
            "css-select": {
              "version": "1.0.0",
              "dependencies": {
                "css-what": {
                  "version": "1.0.0"
                },
                "domutils": {
                  "version": "1.4.3",
                  "dependencies": {
                    "domelementtype": {
                      "version": "1.3.0"
                    }
                  }
                },
                "boolbase": {
                  "version": "1.0.0"
                },
                "nth-check": {
                  "version": "1.0.1"
                }
              }
            },
            "entities": {
              "version": "1.1.1"
            },
            "htmlparser2": {
              "version": "3.8.3",
              "dependencies": {
                "domhandler": {
                  "version": "2.3.0"
                },
                "domutils": {
                  "version": "1.5.1"
                },
                "domelementtype": {
                  "version": "1.3.0"
                },
                "readable-stream": {
                  "version": "1.1.13",
                  "dependencies": {
                    "core-util-is": {
                      "version": "1.0.2"
                    },
                    "isarray": {
                      "version": "0.0.1"
                    },
                    "string_decoder": {
                      "version": "0.10.31"
                    },
                    "inherits": {
                      "version": "2.0.1"
                    }
                  }
                },
                "entities": {
                  "version": "1.0.0"
                }
              }
            },
            "dom-serializer": {
              "version": "0.1.0",
              "dependencies": {
                "domelementtype": {
                  "version": "1.1.3"
                }
              }
            },
            "lodash": {
              "version": "3.10.1"
            }
          }
        },
        "async": {
          "version": "1.5.0"
        }
      }
    },
    "steamcommunity-mobile-confirmations": {
      "version": "1.0.1",
      "dependencies": {
        "cheerio": {
          "version": "0.19.0",
          "dependencies": {
            "css-select": {
              "version": "1.0.0",
              "dependencies": {
                "css-what": {
                  "version": "1.0.0"
                },
                "domutils": {
                  "version": "1.4.3",
                  "dependencies": {
                    "domelementtype": {
                      "version": "1.3.0"
                    }
                  }
                },
                "boolbase": {
                  "version": "1.0.0"
                },
                "nth-check": {
                  "version": "1.0.1"
                }
              }
            },
            "entities": {
              "version": "1.1.1"
            },
            "htmlparser2": {
              "version": "3.8.3",
              "dependencies": {
                "domhandler": {
                  "version": "2.3.0"
                },
                "domutils": {
                  "version": "1.5.1"
                },
                "domelementtype": {
                  "version": "1.3.0"
                },
                "readable-stream": {
                  "version": "1.1.13",
                  "dependencies": {
                    "core-util-is": {
                      "version": "1.0.2"
                    },
                    "isarray": {
                      "version": "0.0.1"
                    },
                    "string_decoder": {
                      "version": "0.10.31"
                    },
                    "inherits": {
                      "version": "2.0.1"
                    }
                  }
                },
                "entities": {
                  "version": "1.0.0"
                }
              }
            },
            "dom-serializer": {
              "version": "0.1.0",
              "dependencies": {
                "domelementtype": {
                  "version": "1.1.3"
                }
              }
            },
            "lodash": {
              "version": "3.10.1"
            }
          }
        },
        "request": {
          "version": "2.67.0",
          "dependencies": {
            "bl": {
              "version": "1.0.0",
              "dependencies": {
                "readable-stream": {
                  "version": "2.0.4",
                  "dependencies": {
                    "core-util-is": {
                      "version": "1.0.2"
                    },
                    "inherits": {
                      "version": "2.0.1"
                    },
                    "isarray": {
                      "version": "0.0.1"
                    },
                    "process-nextick-args": {
                      "version": "1.0.6"
                    },
                    "string_decoder": {
                      "version": "0.10.31"
                    },
                    "util-deprecate": {
                      "version": "1.0.2"
                    }
                  }
                }
              }
            },
            "caseless": {
              "version": "0.11.0"
            },
            "extend": {
              "version": "3.0.0"
            },
            "forever-agent": {
              "version": "0.6.1"
            },
            "form-data": {
              "version": "1.0.0-rc3",
              "dependencies": {
                "async": {
                  "version": "1.5.0"
                }
              }
            },
            "json-stringify-safe": {
              "version": "5.0.1"
            },
            "mime-types": {
              "version": "2.1.8",
              "dependencies": {
                "mime-db": {
                  "version": "1.20.0"
                }
              }
            },
            "node-uuid": {
              "version": "1.4.7"
            },
            "qs": {
              "version": "5.2.0"
            },
            "tunnel-agent": {
              "version": "0.4.2"
            },
            "tough-cookie": {
              "version": "2.2.1"
            },
            "http-signature": {
              "version": "1.1.0",
              "dependencies": {
                "assert-plus": {
                  "version": "0.1.5"
                },
                "jsprim": {
                  "version": "1.2.2",
                  "dependencies": {
                    "extsprintf": {
                      "version": "1.0.2"
                    },
                    "json-schema": {
                      "version": "0.2.2"
                    },
                    "verror": {
                      "version": "1.3.6"
                    }
                  }
                },
                "sshpk": {
                  "version": "1.7.1",
                  "dependencies": {
                    "asn1": {
                      "version": "0.2.3"
                    },
                    "assert-plus": {
                      "version": "0.2.0"
                    },
                    "dashdash": {
                      "version": "1.10.1",
                      "dependencies": {
                        "assert-plus": {
                          "version": "0.1.5"
                        }
                      }
                    },
                    "jsbn": {
                      "version": "0.1.0"
                    },
                    "tweetnacl": {
                      "version": "0.13.2"
                    },
                    "jodid25519": {
                      "version": "1.0.2"
                    },
                    "ecc-jsbn": {
                      "version": "0.1.1"
                    }
                  }
                }
              }
            },
            "oauth-sign": {
              "version": "0.8.0"
            },
            "hawk": {
              "version": "3.1.2",
              "dependencies": {
                "hoek": {
                  "version": "2.16.3"
                },
                "boom": {
                  "version": "2.10.1"
                },
                "cryptiles": {
                  "version": "2.0.5"
                },
                "sntp": {
                  "version": "1.0.9"
                }
              }
            },
            "aws-sign2": {
              "version": "0.6.0"
            },
            "stringstream": {
              "version": "0.0.5"
            },
            "combined-stream": {
              "version": "1.0.5",
              "dependencies": {
                "delayed-stream": {
                  "version": "1.0.0"
                }
              }
            },
            "isstream": {
              "version": "0.1.2"
            },
            "is-typedarray": {
              "version": "1.0.0"
            },
            "har-validator": {
              "version": "2.0.3",
              "dependencies": {
                "chalk": {
                  "version": "1.1.1",
                  "dependencies": {
                    "ansi-styles": {
                      "version": "2.1.0"
                    },
                    "escape-string-regexp": {
                      "version": "1.0.3"
                    },
                    "has-ansi": {
                      "version": "2.0.0",
                      "dependencies": {
                        "ansi-regex": {
                          "version": "2.0.0"
                        }
                      }
                    },
                    "strip-ansi": {
                      "version": "3.0.0",
                      "dependencies": {
                        "ansi-regex": {
                          "version": "2.0.0"
                        }
                      }
                    },
                    "supports-color": {
                      "version": "2.0.0"
                    }
                  }
                },
                "commander": {
                  "version": "2.9.0",
                  "dependencies": {
                    "graceful-readlink": {
                      "version": "1.0.1"
                    }
                  }
                },
                "is-my-json-valid": {
                  "version": "2.12.3",
                  "dependencies": {
                    "generate-function": {
                      "version": "2.0.0"
                    },
                    "generate-object-property": {
                      "version": "1.2.0",
                      "dependencies": {
                        "is-property": {
                          "version": "1.0.2"
                        }
                      }
                    },
                    "jsonpointer": {
                      "version": "2.0.0"
                    },
                    "xtend": {
                      "version": "4.0.1"
                    }
                  }
                },
                "pinkie-promise": {
                  "version": "2.0.0",
                  "dependencies": {
                    "pinkie": {
                      "version": "2.0.1"
                    }
                  }
                }
              }
            }
          }
        }
      }
    },
    "steamstore": {
      "version": "1.2.0",
      "dependencies": {
        "request": {
          "version": "2.67.0",
          "dependencies": {
            "bl": {
              "version": "1.0.0",
              "dependencies": {
                "readable-stream": {
                  "version": "2.0.4",
                  "dependencies": {
                    "core-util-is": {
                      "version": "1.0.2"
                    },
                    "inherits": {
                      "version": "2.0.1"
                    },
                    "isarray": {
                      "version": "0.0.1"
                    },
                    "process-nextick-args": {
                      "version": "1.0.6"
                    },
                    "string_decoder": {
                      "version": "0.10.31"
                    },
                    "util-deprecate": {
                      "version": "1.0.2"
                    }
                  }
                }
              }
            },
            "caseless": {
              "version": "0.11.0"
            },
            "extend": {
              "version": "3.0.0"
            },
            "forever-agent": {
              "version": "0.6.1"
            },
            "form-data": {
              "version": "1.0.0-rc3",
              "dependencies": {
                "async": {
                  "version": "1.5.0"
                }
              }
            },
            "json-stringify-safe": {
              "version": "5.0.1"
            },
            "mime-types": {
              "version": "2.1.8",
              "dependencies": {
                "mime-db": {
                  "version": "1.20.0"
                }
              }
            },
            "node-uuid": {
              "version": "1.4.7"
            },
            "qs": {
              "version": "5.2.0"
            },
            "tunnel-agent": {
              "version": "0.4.2"
            },
            "tough-cookie": {
              "version": "2.2.1"
            },
            "http-signature": {
              "version": "1.1.0",
              "dependencies": {
                "assert-plus": {
                  "version": "0.1.5"
                },
                "jsprim": {
                  "version": "1.2.2",
                  "dependencies": {
                    "extsprintf": {
                      "version": "1.0.2"
                    },
                    "json-schema": {
                      "version": "0.2.2"
                    },
                    "verror": {
                      "version": "1.3.6"
                    }
                  }
                },
                "sshpk": {
                  "version": "1.7.1",
                  "dependencies": {
                    "asn1": {
                      "version": "0.2.3"
                    },
                    "assert-plus": {
                      "version": "0.2.0"
                    },
                    "dashdash": {
                      "version": "1.10.1",
                      "dependencies": {
                        "assert-plus": {
                          "version": "0.1.5"
                        }
                      }
                    },
                    "jsbn": {
                      "version": "0.1.0"
                    },
                    "tweetnacl": {
                      "version": "0.13.2"
                    },
                    "jodid25519": {
                      "version": "1.0.2"
                    },
                    "ecc-jsbn": {
                      "version": "0.1.1"
                    }
                  }
                }
              }
            },
            "oauth-sign": {
              "version": "0.8.0"
            },
            "hawk": {
              "version": "3.1.2",
              "dependencies": {
                "hoek": {
                  "version": "2.16.3"
                },
                "boom": {
                  "version": "2.10.1"
                },
                "cryptiles": {
                  "version": "2.0.5"
                },
                "sntp": {
                  "version": "1.0.9"
                }
              }
            },
            "aws-sign2": {
              "version": "0.6.0"
            },
            "stringstream": {
              "version": "0.0.5"
            },
            "combined-stream": {
              "version": "1.0.5",
              "dependencies": {
                "delayed-stream": {
                  "version": "1.0.0"
                }
              }
            },
            "isstream": {
              "version": "0.1.2"
            },
            "is-typedarray": {
              "version": "1.0.0"
            },
            "har-validator": {
              "version": "2.0.3",
              "dependencies": {
                "chalk": {
                  "version": "1.1.1",
                  "dependencies": {
                    "ansi-styles": {
                      "version": "2.1.0"
                    },
                    "escape-string-regexp": {
                      "version": "1.0.3"
                    },
                    "has-ansi": {
                      "version": "2.0.0",
                      "dependencies": {
                        "ansi-regex": {
                          "version": "2.0.0"
                        }
                      }
                    },
                    "strip-ansi": {
                      "version": "3.0.0",
                      "dependencies": {
                        "ansi-regex": {
                          "version": "2.0.0"
                        }
                      }
                    },
                    "supports-color": {
                      "version": "2.0.0"
                    }
                  }
                },
                "commander": {
                  "version": "2.9.0",
                  "dependencies": {
                    "graceful-readlink": {
                      "version": "1.0.1"
                    }
                  }
                },
                "is-my-json-valid": {
                  "version": "2.12.3",
                  "dependencies": {
                    "generate-function": {
                      "version": "2.0.0"
                    },
                    "generate-object-property": {
                      "version": "1.2.0",
                      "dependencies": {
                        "is-property": {
                          "version": "1.0.2"
                        }
                      }
                    },
                    "jsonpointer": {
                      "version": "2.0.0"
                    },
                    "xtend": {
                      "version": "4.0.1"
                    }
                  }
                },
                "pinkie-promise": {
                  "version": "2.0.0",
                  "dependencies": {
                    "pinkie": {
                      "version": "2.0.1"
                    }
                  }
                }
              }
            }
          }
        },
        "steamid": {
          "version": "0.3.1",
          "dependencies": {
            "cuint": {
              "version": "0.1.5"
            }
          }
        }
      }
    }
  }
}
