{
  "dependencies": {
    "steam": {
      "version": "0.6.7",
      "dependencies": {
        "adm-zip": {
          "version": "0.4.7"
        },
        "buffer-crc32": {
          "version": "0.2.5"
        },
        "protobuf": {
          "version": "0.11.0",
          "dependencies": {
            "nan": {
              "version": "1.0.0"
            }
          }
        },
        "ref": {
          "version": "1.0.2",
          "dependencies": {
            "bindings": {
              "version": "1.2.1"
            },
            "debug": {
              "version": "2.2.0",
              "dependencies": {
                "ms": {
                  "version": "0.7.1"
                }
              }
            },
            "nan": {
              "version": "1.8.4"
            }
          }
        },
        "ursa": {
          "version": "0.8.5",
          "dependencies": {
            "bindings": {
              "version": "1.2.1"
            },
            "nan": {
              "version": "1.8.4"
            }
          }
        }
      }
    },
    "steam-totp": {
      "version": "1.1.0"
    },
    "steam-tradeoffers": {
      "version": "1.2.3",
      "dependencies": {
        "cheerio": {
          "version": "0.19.0",
          "dependencies": {
            "css-select": {
              "version": "1.0.0",
              "dependencies": {
                "css-what": {
                  "version": "1.0.0"
                },
                "domutils": {
                  "version": "1.4.3",
                  "dependencies": {
                    "domelementtype": {
                      "version": "1.3.0"
                    }
                  }
                },
                "boolbase": {
                  "version": "1.0.0"
                },
                "nth-check": {
                  "version": "1.0.1"
                }
              }
            },
            "entities": {
              "version": "1.1.1"
            },
            "htmlparser2": {
              "version": "3.8.3",
              "dependencies": {
                "domhandler": {
                  "version": "2.3.0"
                },
                "domutils": {
                  "version": "1.5.1"
                },
                "domelementtype": {
                  "version": "1.3.0"
                },
                "readable-stream": {
                  "version": "1.1.13",
                  "dependencies": {
                    "core-util-is": {
                      "version": "1.0.1"
                    },
                    "isarray": {
                      "version": "0.0.1"
                    },
                    "string_decoder": {
                      "version": "0.10.31"
                    },
                    "inherits": {
                      "version": "2.0.1"
                    }
                  }
                },
                "entities": {
                  "version": "1.0.0"
                }
              }
            },
            "dom-serializer": {
              "version": "0.1.0",
              "dependencies": {
                "domelementtype": {
                  "version": "1.1.3"
                }
              }
            },
            "lodash": {
              "version": "3.9.3"
            }
          }
        },
        "long": {
          "version": "2.2.5"
        },
        "request": {
          "version": "2.58.0",
          "dependencies": {
            "bl": {
              "version": "0.9.4",
              "dependencies": {
                "readable-stream": {
                  "version": "1.0.33",
                  "dependencies": {
                    "core-util-is": {
                      "version": "1.0.1"
                    },
                    "isarray": {
                      "version": "0.0.1"
                    },
                    "string_decoder": {
                      "version": "0.10.31"
                    },
                    "inherits": {
                      "version": "2.0.1"
                    }
                  }
                }
              }
            },
            "caseless": {
              "version": "0.10.0"
            },
            "extend": {
              "version": "2.0.1"
            },
            "forever-agent": {
              "version": "0.6.1"
            },
            "form-data": {
              "version": "1.0.0-rc1",
              "dependencies": {
                "async": {
                  "version": "1.2.1"
                },
                "mime-types": {
                  "version": "2.1.1",
                  "dependencies": {
                    "mime-db": {
                      "version": "1.13.0"
                    }
                  }
                }
              }
            },
            "json-stringify-safe": {
              "version": "5.0.1"
            },
            "mime-types": {
              "version": "2.0.14",
              "dependencies": {
                "mime-db": {
                  "version": "1.12.0"
                }
              }
            },
            "node-uuid": {
              "version": "1.4.3"
            },
            "qs": {
              "version": "3.1.0"
            },
            "tunnel-agent": {
              "version": "0.4.0"
            },
            "tough-cookie": {
              "version": "2.0.0"
            },
            "http-signature": {
              "version": "0.11.0",
              "dependencies": {
                "assert-plus": {
                  "version": "0.1.5"
                },
                "asn1": {
                  "version": "0.1.11"
                },
                "ctype": {
                  "version": "0.5.3"
                }
              }
            },
            "oauth-sign": {
              "version": "0.8.0"
            },
            "hawk": {
              "version": "2.3.1",
              "dependencies": {
                "hoek": {
                  "version": "2.14.0"
                },
                "boom": {
                  "version": "2.8.0"
                },
                "cryptiles": {
                  "version": "2.0.4"
                },
                "sntp": {
                  "version": "1.0.9"
                }
              }
            },
            "aws-sign2": {
              "version": "0.5.0"
            },
            "stringstream": {
              "version": "0.0.4"
            },
            "combined-stream": {
              "version": "1.0.5",
              "dependencies": {
                "delayed-stream": {
                  "version": "1.0.0"
                }
              }
            },
            "isstream": {
              "version": "0.1.2"
            },
            "har-validator": {
              "version": "1.7.1",
              "dependencies": {
                "bluebird": {
                  "version": "2.9.30"
                },
                "chalk": {
                  "version": "1.0.0",
                  "dependencies": {
                    "ansi-styles": {
                      "version": "2.0.1"
                    },
                    "escape-string-regexp": {
                      "version": "1.0.3"
                    },
                    "has-ansi": {
                      "version": "1.0.3",
                      "dependencies": {
                        "ansi-regex": {
                          "version": "1.1.1"
                        },
                        "get-stdin": {
                          "version": "4.0.1"
                        }
                      }
                    },
                    "strip-ansi": {
                      "version": "2.0.1",
                      "dependencies": {
                        "ansi-regex": {
                          "version": "1.1.1"
                        }
                      }
                    },
                    "supports-color": {
                      "version": "1.3.1"
                    }
                  }
                },
                "commander": {
                  "version": "2.8.1",
                  "dependencies": {
                    "graceful-readlink": {
                      "version": "1.0.1"
                    }
                  }
                },
                "is-my-json-valid": {
                  "version": "2.12.0",
                  "dependencies": {
                    "generate-function": {
                      "version": "2.0.0"
                    },
                    "generate-object-property": {
                      "version": "1.2.0",
                      "dependencies": {
                        "is-property": {
                          "version": "1.0.2"
                        }
                      }
                    },
                    "jsonpointer": {
                      "version": "1.1.0"
                    },
                    "xtend": {
                      "version": "4.0.0"
                    }
                  }
                }
              }
            }
          }
        }
      }
    },
    "steam-user": {
      "version": "3.3.0",
      "dependencies": {
        "steamid": {
          "version": "0.3.1",
          "dependencies": {
            "cuint": {
              "version": "0.1.5"
            }
          }
        },
        "appdirectory": {
          "version": "0.1.0"
        },
        "protobufjs": {
          "version": "4.1.3",
          "dependencies": {
            "ascli": {
              "version": "1.0.0",
              "dependencies": {
                "colour": {
                  "version": "0.7.1"
                },
                "optjs": {
                  "version": "3.2.1-boom"
                }
              }
            },
            "bytebuffer": {
              "version": "4.1.0",
              "dependencies": {
                "long": {
                  "version": "2.4.0"
                },
                "bufferview": {
                  "version": "1.0.1"
                }
              }
            },
            "glob": {
              "version": "5.0.15",
              "dependencies": {
                "inflight": {
                  "version": "1.0.4",
                  "dependencies": {
                    "wrappy": {
                      "version": "1.0.1"
                    }
                  }
                },
                "inherits": {
                  "version": "2.0.1"
                },
                "minimatch": {
                  "version": "3.0.0",
                  "dependencies": {
                    "brace-expansion": {
                      "version": "1.1.2",
                      "dependencies": {
                        "balanced-match": {
                          "version": "0.3.0"
                        },
                        "concat-map": {
                          "version": "0.0.1"
                        }
                      }
                    }
                  }
                },
                "once": {
                  "version": "1.3.3",
                  "dependencies": {
                    "wrappy": {
                      "version": "1.0.1"
                    }
                  }
                },
                "path-is-absolute": {
                  "version": "1.0.0"
                }
              }
            },
            "yargs": {
              "version": "3.31.0",
              "dependencies": {
                "camelcase": {
                  "version": "2.0.1"
                },
                "cliui": {
                  "version": "3.1.0",
                  "dependencies": {
                    "strip-ansi": {
                      "version": "3.0.0",
                      "dependencies": {
                        "ansi-regex": {
                          "version": "2.0.0"
                        }
                      }
                    },
                    "wrap-ansi": {
                      "version": "1.0.0"
                    }
                  }
                },
                "decamelize": {
                  "version": "1.1.2",
                  "dependencies": {
                    "escape-string-regexp": {
                      "version": "1.0.4"
                    }
                  }
                },
                "os-locale": {
                  "version": "1.4.0",
                  "dependencies": {
                    "lcid": {
                      "version": "1.0.0",
                      "dependencies": {
                        "invert-kv": {
                          "version": "1.0.0"
                        }
                      }
                    }
                  }
                },
                "string-width": {
                  "version": "1.0.1",
                  "dependencies": {
                    "code-point-at": {
                      "version": "1.0.0",
                      "dependencies": {
                        "number-is-nan": {
                          "version": "1.0.0"
                        }
                      }
                    },
                    "is-fullwidth-code-point": {
                      "version": "1.0.0",
                      "dependencies": {
                        "number-is-nan": {
                          "version": "1.0.0"
                        }
                      }
                    },
                    "strip-ansi": {
                      "version": "3.0.0",
                      "dependencies": {
                        "ansi-regex": {
                          "version": "2.0.0"
                        }
                      }
                    }
                  }
                },
                "window-size": {
                  "version": "0.1.4"
                },
                "y18n": {
                  "version": "3.2.0"
                }
              }
            }
          }
        },
        "steam-client": {
          "version": "1.1.1",
          "dependencies": {
            "adm-zip": {
              "version": "0.4.7"
            },
            "buffer-crc32": {
              "version": "0.2.5"
            },
            "bytebuffer": {
              "version": "https://sinopia.doctormckay.com/bytebuffer/-/bytebuffer-5.0.0.tgz"
            },
            "steam-resources": {
              "version": "git://github.com/seishun/node-steam-resources.git#1403939a12ba467a4b82c8ccbc279bbcdad43588"
            },
            "ansi-regex": {
              "version": "https://sinopia.doctormckay.com/ansi-regex/-/ansi-regex-2.0.0.tgz"
            },
            "ascli": {
              "version": "https://sinopia.doctormckay.com/ascli/-/ascli-1.0.0.tgz"
            },
            "balanced-match": {
              "version": "https://sinopia.doctormckay.com/balanced-match/-/balanced-match-0.3.0.tgz"
            },
            "brace-expansion": {
              "version": "https://sinopia.doctormckay.com/brace-expansion/-/brace-expansion-1.1.2.tgz"
            },
            "bufferview": {
              "version": "https://sinopia.doctormckay.com/bufferview/-/bufferview-1.0.1.tgz"
            },
            "camelcase": {
              "version": "https://sinopia.doctormckay.com/camelcase/-/camelcase-2.0.1.tgz"
            },
            "code-point-at": {
              "version": "https://sinopia.doctormckay.com/code-point-at/-/code-point-at-1.0.0.tgz"
            },
            "cliui": {
              "version": "https://sinopia.doctormckay.com/cliui/-/cliui-3.1.0.tgz"
            },
            "colour": {
              "version": "https://sinopia.doctormckay.com/colour/-/colour-0.7.1.tgz"
            },
            "concat-map": {
              "version": "https://sinopia.doctormckay.com/concat-map/-/concat-map-0.0.1.tgz"
            },
            "decamelize": {
              "version": "https://sinopia.doctormckay.com/decamelize/-/decamelize-1.1.1.tgz"
            },
            "glob": {
              "version": "https://sinopia.doctormckay.com/glob/-/glob-5.0.15.tgz"
            },
            "inherits": {
              "version": "https://sinopia.doctormckay.com/inherits/-/inherits-2.0.1.tgz"
            },
            "inflight": {
              "version": "https://sinopia.doctormckay.com/inflight/-/inflight-1.0.4.tgz"
            },
            "invert-kv": {
              "version": "https://sinopia.doctormckay.com/invert-kv/-/invert-kv-1.0.0.tgz"
            },
            "is-fullwidth-code-point": {
              "version": "https://sinopia.doctormckay.com/is-fullwidth-code-point/-/is-fullwidth-code-point-1.0.0.tgz"
            },
            "lcid": {
              "version": "https://sinopia.doctormckay.com/lcid/-/lcid-1.0.0.tgz"
            },
            "long": {
              "version": "https://sinopia.doctormckay.com/long/-/long-3.0.1.tgz"
            },
            "minimatch": {
              "version": "https://sinopia.doctormckay.com/minimatch/-/minimatch-3.0.0.tgz"
            },
            "number-is-nan": {
              "version": "https://sinopia.doctormckay.com/number-is-nan/-/number-is-nan-1.0.0.tgz"
            },
            "once": {
              "version": "https://sinopia.doctormckay.com/once/-/once-1.3.3.tgz"
            },
            "optjs": {
              "version": "https://sinopia.doctormckay.com/optjs/-/optjs-3.2.1-boom.tgz"
            },
            "os-locale": {
              "version": "https://sinopia.doctormckay.com/os-locale/-/os-locale-1.4.0.tgz"
            },
            "path-is-absolute": {
              "version": "https://sinopia.doctormckay.com/path-is-absolute/-/path-is-absolute-1.0.0.tgz"
            },
            "string-width": {
              "version": "https://sinopia.doctormckay.com/string-width/-/string-width-1.0.1.tgz"
            },
            "strip-ansi": {
              "version": "https://sinopia.doctormckay.com/strip-ansi/-/strip-ansi-3.0.0.tgz"
            },
            "window-size": {
              "version": "https://sinopia.doctormckay.com/window-size/-/window-size-0.1.4.tgz"
            },
            "wrap-ansi": {
              "version": "https://sinopia.doctormckay.com/wrap-ansi/-/wrap-ansi-1.0.0.tgz"
            },
            "wrappy": {
              "version": "https://sinopia.doctormckay.com/wrappy/-/wrappy-1.0.1.tgz"
            },
            "y18n": {
              "version": "https://sinopia.doctormckay.com/y18n/-/y18n-3.2.0.tgz"
            },
            "yargs": {
              "version": "https://sinopia.doctormckay.com/yargs/-/yargs-3.31.0.tgz"
            },
            "protobufjs": {
              "version": "https://sinopia.doctormckay.com/protobufjs/-/protobufjs-4.1.3.tgz",
              "dependencies": {
                "bytebuffer": {
                  "version": "https://sinopia.doctormckay.com/bytebuffer/-/bytebuffer-4.1.0.tgz"
                },
                "long": {
                  "version": "https://sinopia.doctormckay.com/long/-/long-2.4.0.tgz"
                }
              }
            }
          }
        },
        "bytebuffer": {
          "version": "5.0.0",
          "dependencies": {
            "long": {
              "version": "3.0.1"
            }
          }
        },
        "steam-crypto": {
          "version": "0.0.1"
        },
        "vdf": {
          "version": "0.0.2",
          "dependencies": {
            "util": {
              "version": "0.10.3",
              "dependencies": {
                "inherits": {
                  "version": "2.0.1"
                }
              }
            }
          }
        },
        "binarykvparser": {
          "version": "2.0.0",
          "dependencies": {
            "bytebuffer": {
              "version": "4.1.0",
              "dependencies": {
                "long": {
                  "version": "2.4.0"
                },
                "bufferview": {
                  "version": "1.0.1"
                }
              }
            }
          }
        },
        "file-manager": {
          "version": "1.0.0",
          "dependencies": {
            "async": {
              "version": "1.5.1"
            }
          }
        }
      }
    },
    "steamcommunity": {
      "version": "3.14.1",
      "dependencies": {
        "request": {
          "version": "2.67.0",
          "dependencies": {
            "bl": {
              "version": "1.0.0",
              "dependencies": {
                "readable-stream": {
                  "version": "2.0.4",
                  "dependencies": {
                    "core-util-is": {
                      "version": "1.0.2"
                    },
                    "inherits": {
                      "version": "2.0.1"
                    },
                    "isarray": {
                      "version": "0.0.1"
                    },
                    "process-nextick-args": {
                      "version": "1.0.6"
                    },
                    "string_decoder": {
                      "version": "0.10.31"
                    },
                    "util-deprecate": {
                      "version": "1.0.2"
                    }
                  }
                }
              }
            },
            "caseless": {
              "version": "0.11.0"
            },
            "extend": {
              "version": "3.0.0"
            },
            "forever-agent": {
              "version": "0.6.1"
            },
            "form-data": {
              "version": "1.0.0-rc3"
            },
            "json-stringify-safe": {
              "version": "5.0.1"
            },
            "mime-types": {
              "version": "2.1.8",
              "dependencies": {
                "mime-db": {
                  "version": "1.20.0"
                }
              }
            },
            "node-uuid": {
              "version": "1.4.7"
            },
            "qs": {
              "version": "5.2.0"
            },
            "tunnel-agent": {
              "version": "0.4.2"
            },
            "tough-cookie": {
              "version": "2.2.1"
            },
            "http-signature": {
              "version": "1.1.0",
              "dependencies": {
                "assert-plus": {
                  "version": "0.1.5"
                },
                "jsprim": {
                  "version": "1.2.2",
                  "dependencies": {
                    "extsprintf": {
                      "version": "1.0.2"
                    },
                    "json-schema": {
                      "version": "0.2.2"
                    },
                    "verror": {
                      "version": "1.3.6"
                    }
                  }
                },
                "sshpk": {
                  "version": "1.7.1",
                  "dependencies": {
                    "asn1": {
                      "version": "0.2.3"
                    },
                    "assert-plus": {
                      "version": "0.2.0"
                    },
                    "dashdash": {
                      "version": "1.10.1",
                      "dependencies": {
                        "assert-plus": {
                          "version": "0.1.5"
                        }
                      }
                    },
                    "jsbn": {
                      "version": "0.1.0"
                    },
                    "tweetnacl": {
                      "version": "0.13.2"
                    },
                    "jodid25519": {
                      "version": "1.0.2"
                    },
                    "ecc-jsbn": {
                      "version": "0.1.1"
                    }
                  }
                }
              }
            },
            "oauth-sign": {
              "version": "0.8.0"
            },
            "hawk": {
              "version": "3.1.2",
              "dependencies": {
                "hoek": {
                  "version": "2.16.3"
                },
                "boom": {
                  "version": "2.10.1"
                },
                "cryptiles": {
                  "version": "2.0.5"
                },
                "sntp": {
                  "version": "1.0.9"
                }
              }
            },
            "aws-sign2": {
              "version": "0.6.0"
            },
            "stringstream": {
              "version": "0.0.5"
            },
            "combined-stream": {
              "version": "1.0.5",
              "dependencies": {
                "delayed-stream": {
                  "version": "1.0.0"
                }
              }
            },
            "isstream": {
              "version": "0.1.2"
            },
            "is-typedarray": {
              "version": "1.0.0"
            },
            "har-validator": {
              "version": "2.0.3",
              "dependencies": {
                "chalk": {
                  "version": "1.1.1",
                  "dependencies": {
                    "ansi-styles": {
                      "version": "2.1.0"
                    },
                    "escape-string-regexp": {
                      "version": "1.0.3"
                    },
                    "has-ansi": {
                      "version": "2.0.0",
                      "dependencies": {
                        "ansi-regex": {
                          "version": "2.0.0"
                        }
                      }
                    },
                    "strip-ansi": {
                      "version": "3.0.0",
                      "dependencies": {
                        "ansi-regex": {
                          "version": "2.0.0"
                        }
                      }
                    },
                    "supports-color": {
                      "version": "2.0.0"
                    }
                  }
                },
                "commander": {
                  "version": "2.9.0",
                  "dependencies": {
                    "graceful-readlink": {
                      "version": "1.0.1"
                    }
                  }
                },
                "is-my-json-valid": {
                  "version": "2.12.3",
                  "dependencies": {
                    "generate-function": {
                      "version": "2.0.0"
                    },
                    "generate-object-property": {
                      "version": "1.2.0",
                      "dependencies": {
                        "is-property": {
                          "version": "1.0.2"
                        }
                      }
                    },
                    "jsonpointer": {
                      "version": "2.0.0"
                    },
                    "xtend": {
                      "version": "4.0.1"
                    }
                  }
                },
                "pinkie-promise": {
                  "version": "2.0.0",
                  "dependencies": {
                    "pinkie": {
                      "version": "2.0.1"
                    }
                  }
                }
              }
            }
          }
        },
        "node-bignumber": {
          "version": "1.2.1"
        },
        "steamid": {
          "version": "0.3.1",
          "dependencies": {
            "cuint": {
              "version": "0.1.5"
            }
          }
        },
        "xml2js": {
          "version": "0.4.15",
          "dependencies": {
            "sax": {
              "version": "1.1.4"
            },
            "xmlbuilder": {
              "version": "4.1.0",
              "dependencies": {
                "lodash": {
                  "version": "3.10.1"
                }
              }
            }
          }
        },
        "cheerio": {
          "version": "0.19.0",
          "dependencies": {
            "css-select": {
              "version": "1.0.0",
              "dependencies": {
                "css-what": {
                  "version": "1.0.0"
                },
                "domutils": {
                  "version": "1.4.3",
                  "dependencies": {
                    "domelementtype": {
                      "version": "1.3.0"
                    }
                  }
                },
                "boolbase": {
                  "version": "1.0.0"
                },
                "nth-check": {
                  "version": "1.0.1"
                }
              }
            },
            "entities": {
              "version": "1.1.1"
            },
            "htmlparser2": {
              "version": "3.8.3",
              "dependencies": {
                "domhandler": {
                  "version": "2.3.0"
                },
                "domutils": {
                  "version": "1.5.1"
                },
                "domelementtype": {
                  "version": "1.3.0"
                },
                "readable-stream": {
                  "version": "1.1.13",
                  "dependencies": {
                    "core-util-is": {
                      "version": "1.0.2"
                    },
                    "isarray": {
                      "version": "0.0.1"
                    },
                    "string_decoder": {
                      "version": "0.10.31"
                    },
                    "inherits": {
                      "version": "2.0.1"
                    }
                  }
                },
                "entities": {
                  "version": "1.0.0"
                }
              }
            },
            "dom-serializer": {
              "version": "0.1.0",
              "dependencies": {
                "domelementtype": {
                  "version": "1.1.3"
                }
              }
            },
            "lodash": {
              "version": "3.10.1"
            }
          }
        },
        "async": {
          "version": "1.5.0"
        }
      }
    },
    "steamcommunity-mobile-confirmations": {
      "version": "1.0.1",
      "dependencies": {
        "cheerio": {
          "version": "0.19.0",
          "dependencies": {
            "css-select": {
              "version": "1.0.0",
              "dependencies": {
                "css-what": {
                  "version": "1.0.0"
                },
                "domutils": {
                  "version": "1.4.3",
                  "dependencies": {
                    "domelementtype": {
                      "version": "1.3.0"
                    }
                  }
                },
                "boolbase": {
                  "version": "1.0.0"
                },
                "nth-check": {
                  "version": "1.0.1"
                }
              }
            },
            "entities": {
              "version": "1.1.1"
            },
            "htmlparser2": {
              "version": "3.8.3",
              "dependencies": {
                "domhandler": {
                  "version": "2.3.0"
                },
                "domutils": {
                  "version": "1.5.1"
                },
                "domelementtype": {
                  "version": "1.3.0"
                },
                "readable-stream": {
                  "version": "1.1.13",
                  "dependencies": {
                    "core-util-is": {
                      "version": "1.0.2"
                    },
                    "isarray": {
                      "version": "0.0.1"
                    },
                    "string_decoder": {
                      "version": "0.10.31"
                    },
                    "inherits": {
                      "version": "2.0.1"
                    }
                  }
                },
                "entities": {
                  "version": "1.0.0"
                }
              }
            },
            "dom-serializer": {
              "version": "0.1.0",
              "dependencies": {
                "domelementtype": {
                  "version": "1.1.3"
                }
              }
            },
            "lodash": {
              "version": "3.10.1"
            }
          }
        },
        "request": {
          "version": "2.67.0",
          "dependencies": {
            "bl": {
              "version": "1.0.0",
              "dependencies": {
                "readable-stream": {
                  "version": "2.0.4",
                  "dependencies": {
                    "core-util-is": {
                      "version": "1.0.2"
                    },
                    "inherits": {
                      "version": "2.0.1"
                    },
                    "isarray": {
                      "version": "0.0.1"
                    },
                    "process-nextick-args": {
                      "version": "1.0.6"
                    },
                    "string_decoder": {
                      "version": "0.10.31"
                    },
                    "util-deprecate": {
                      "version": "1.0.2"
                    }
                  }
                }
              }
            },
            "caseless": {
              "version": "0.11.0"
            },
            "extend": {
              "version": "3.0.0"
            },
            "forever-agent": {
              "version": "0.6.1"
            },
            "form-data": {
              "version": "1.0.0-rc3",
              "dependencies": {
                "async": {
                  "version": "1.5.0"
                }
              }
            },
            "json-stringify-safe": {
              "version": "5.0.1"
            },
            "mime-types": {
              "version": "2.1.8",
              "dependencies": {
                "mime-db": {
                  "version": "1.20.0"
                }
              }
            },
            "node-uuid": {
              "version": "1.4.7"
            },
            "qs": {
              "version": "5.2.0"
            },
            "tunnel-agent": {
              "version": "0.4.2"
            },
            "tough-cookie": {
              "version": "2.2.1"
            },
            "http-signature": {
              "version": "1.1.0",
              "dependencies": {
                "assert-plus": {
                  "version": "0.1.5"
                },
                "jsprim": {
                  "version": "1.2.2",
                  "dependencies": {
                    "extsprintf": {
                      "version": "1.0.2"
                    },
                    "json-schema": {
                      "version": "0.2.2"
                    },
                    "verror": {
                      "version": "1.3.6"
                    }
                  }
                },
                "sshpk": {
                  "version": "1.7.1",
                  "dependencies": {
                    "asn1": {
                      "version": "0.2.3"
                    },
                    "assert-plus": {
                      "version": "0.2.0"
                    },
                    "dashdash": {
                      "version": "1.10.1",
                      "dependencies": {
                        "assert-plus": {
                          "version": "0.1.5"
                        }
                      }
                    },
                    "jsbn": {
                      "version": "0.1.0"
                    },
                    "tweetnacl": {
                      "version": "0.13.2"
                    },
                    "jodid25519": {
                      "version": "1.0.2"
                    },
                    "ecc-jsbn": {
                      "version": "0.1.1"
                    }
                  }
                }
              }
            },
            "oauth-sign": {
              "version": "0.8.0"
            },
            "hawk": {
              "version": "3.1.2",
              "dependencies": {
                "hoek": {
                  "version": "2.16.3"
                },
                "boom": {
                  "version": "2.10.1"
                },
                "cryptiles": {
                  "version": "2.0.5"
                },
                "sntp": {
                  "version": "1.0.9"
                }
              }
            },
            "aws-sign2": {
              "version": "0.6.0"
            },
            "stringstream": {
              "version": "0.0.5"
            },
            "combined-stream": {
              "version": "1.0.5",
              "dependencies": {
                "delayed-stream": {
                  "version": "1.0.0"
                }
              }
            },
            "isstream": {
              "version": "0.1.2"
            },
            "is-typedarray": {
              "version": "1.0.0"
            },
            "har-validator": {
              "version": "2.0.3",
              "dependencies": {
                "chalk": {
                  "version": "1.1.1",
                  "dependencies": {
                    "ansi-styles": {
                      "version": "2.1.0"
                    },
                    "escape-string-regexp": {
                      "version": "1.0.3"
                    },
                    "has-ansi": {
                      "version": "2.0.0",
                      "dependencies": {
                        "ansi-regex": {
                          "version": "2.0.0"
                        }
                      }
                    },
                    "strip-ansi": {
                      "version": "3.0.0",
                      "dependencies": {
                        "ansi-regex": {
                          "version": "2.0.0"
                        }
                      }
                    },
                    "supports-color": {
                      "version": "2.0.0"
                    }
                  }
                },
                "commander": {
                  "version": "2.9.0",
                  "dependencies": {
                    "graceful-readlink": {
                      "version": "1.0.1"
                    }
                  }
                },
                "is-my-json-valid": {
                  "version": "2.12.3",
                  "dependencies": {
                    "generate-function": {
                      "version": "2.0.0"
                    },
                    "generate-object-property": {
                      "version": "1.2.0",
                      "dependencies": {
                        "is-property": {
                          "version": "1.0.2"
                        }
                      }
                    },
                    "jsonpointer": {
                      "version": "2.0.0"
                    },
                    "xtend": {
                      "version": "4.0.1"
                    }
                  }
                },
                "pinkie-promise": {
                  "version": "2.0.0",
                  "dependencies": {
                    "pinkie": {
                      "version": "2.0.1"
                    }
                  }
                }
              }
            }
          }
        }
      }
    },
    "steamstore": {
      "version": "1.2.0",
      "dependencies": {
        "request": {
          "version": "2.67.0",
          "dependencies": {
            "bl": {
              "version": "1.0.0",
              "dependencies": {
                "readable-stream": {
                  "version": "2.0.4",
                  "dependencies": {
                    "core-util-is": {
                      "version": "1.0.2"
                    },
                    "inherits": {
                      "version": "2.0.1"
                    },
                    "isarray": {
                      "version": "0.0.1"
                    },
                    "process-nextick-args": {
                      "version": "1.0.6"
                    },
                    "string_decoder": {
                      "version": "0.10.31"
                    },
                    "util-deprecate": {
                      "version": "1.0.2"
                    }
                  }
                }
              }
            },
            "caseless": {
              "version": "0.11.0"
            },
            "extend": {
              "version": "3.0.0"
            },
            "forever-agent": {
              "version": "0.6.1"
            },
            "form-data": {
              "version": "1.0.0-rc3",
              "dependencies": {
                "async": {
                  "version": "1.5.0"
                }
              }
            },
            "json-stringify-safe": {
              "version": "5.0.1"
            },
            "mime-types": {
              "version": "2.1.8",
              "dependencies": {
                "mime-db": {
                  "version": "1.20.0"
                }
              }
            },
            "node-uuid": {
              "version": "1.4.7"
            },
            "qs": {
              "version": "5.2.0"
            },
            "tunnel-agent": {
              "version": "0.4.2"
            },
            "tough-cookie": {
              "version": "2.2.1"
            },
            "http-signature": {
              "version": "1.1.0",
              "dependencies": {
                "assert-plus": {
                  "version": "0.1.5"
                },
                "jsprim": {
                  "version": "1.2.2",
                  "dependencies": {
                    "extsprintf": {
                      "version": "1.0.2"
                    },
                    "json-schema": {
                      "version": "0.2.2"
                    },
                    "verror": {
                      "version": "1.3.6"
                    }
                  }
                },
                "sshpk": {
                  "version": "1.7.1",
                  "dependencies": {
                    "asn1": {
                      "version": "0.2.3"
                    },
                    "assert-plus": {
                      "version": "0.2.0"
                    },
                    "dashdash": {
                      "version": "1.10.1",
                      "dependencies": {
                        "assert-plus": {
                          "version": "0.1.5"
                        }
                      }
                    },
                    "jsbn": {
                      "version": "0.1.0"
                    },
                    "tweetnacl": {
                      "version": "0.13.2"
                    },
                    "jodid25519": {
                      "version": "1.0.2"
                    },
                    "ecc-jsbn": {
                      "version": "0.1.1"
                    }
                  }
                }
              }
            },
            "oauth-sign": {
              "version": "0.8.0"
            },
            "hawk": {
              "version": "3.1.2",
              "dependencies": {
                "hoek": {
                  "version": "2.16.3"
                },
                "boom": {
                  "version": "2.10.1"
                },
                "cryptiles": {
                  "version": "2.0.5"
                },
                "sntp": {
                  "version": "1.0.9"
                }
              }
            },
            "aws-sign2": {
              "version": "0.6.0"
            },
            "stringstream": {
              "version": "0.0.5"
            },
            "combined-stream": {
              "version": "1.0.5",
              "dependencies": {
                "delayed-stream": {
                  "version": "1.0.0"
                }
              }
            },
            "isstream": {
              "version": "0.1.2"
            },
            "is-typedarray": {
              "version": "1.0.0"
            },
            "har-validator": {
              "version": "2.0.3",
              "dependencies": {
                "chalk": {
                  "version": "1.1.1",
                  "dependencies": {
                    "ansi-styles": {
                      "version": "2.1.0"
                    },
                    "escape-string-regexp": {
                      "version": "1.0.3"
                    },
                    "has-ansi": {
                      "version": "2.0.0",
                      "dependencies": {
                        "ansi-regex": {
                          "version": "2.0.0"
                        }
                      }
                    },
                    "strip-ansi": {
                      "version": "3.0.0",
                      "dependencies": {
                        "ansi-regex": {
                          "version": "2.0.0"
                        }
                      }
                    },
                    "supports-color": {
                      "version": "2.0.0"
                    }
                  }
                },
                "commander": {
                  "version": "2.9.0",
                  "dependencies": {
                    "graceful-readlink": {
                      "version": "1.0.1"
                    }
                  }
                },
                "is-my-json-valid": {
                  "version": "2.12.3",
                  "dependencies": {
                    "generate-function": {
                      "version": "2.0.0"
                    },
                    "generate-object-property": {
                      "version": "1.2.0",
                      "dependencies": {
                        "is-property": {
                          "version": "1.0.2"
                        }
                      }
                    },
                    "jsonpointer": {
                      "version": "2.0.0"
                    },
                    "xtend": {
                      "version": "4.0.1"
                    }
                  }
                },
                "pinkie-promise": {
                  "version": "2.0.0",
                  "dependencies": {
                    "pinkie": {
                      "version": "2.0.1"
                    }
                  }
                }
              }
            }
          }
        },
        "steamid": {
          "version": "0.3.1",
          "dependencies": {
            "cuint": {
              "version": "0.1.5"
            }
          }
        }
      }
    }
  }
}
